
Microsoft Visual Studio Solution File, Format Version 10.00
# Visual C# Express 2008
Project("{FAE04EC0-301F-11D3-BF4B-00C04F79EFBC}") = "AsciiProgressBar", "AsciiProgressBar\AsciiProgressBar.csproj", "{AF8FFDF5-9948-4AEB-A87B-7C78E61997A7}"
EndProject
Project("{FAE04EC0-301F-11D3-BF4B-00C04F79EFBC}") = "AsciiProgressBarTest", "AsciiProgressBarTest\AsciiProgressBarTest.csproj", "{9984774B-94FB-4B7E-8CD6-D8D702B11906}"
EndProject
Global
	GlobalSection(SolutionConfigurationPlatforms) = preSolution
		Debug|Any CPU = Debug|Any CPU
		Release|Any CPU = Release|Any CPU
	EndGlobalSection
	GlobalSection(ProjectConfigurationPlatforms) = postSolution
		{AF8FFDF5-9948-4AEB-A87B-7C78E61997A7}.Debug|Any CPU.ActiveCfg = Debug|Any CPU
		{AF8FFDF5-9948-4AEB-A87B-7C78E61997A7}.Debug|Any CPU.Build.0 = Debug|Any CPU
		{AF8FFDF5-9948-4AEB-A87B-7C78E61997A7}.Release|Any CPU.ActiveCfg = Release|Any CPU
		{AF8FFDF5-9948-4AEB-A87B-7C78E61997A7}.Release|Any CPU.Build.0 = Release|Any CPU
		{9984774B-94FB-4B7E-8CD6-D8D702B11906}.Debug|Any CPU.ActiveCfg = Debug|Any CPU
		{9984774B-94FB-4B7E-8CD6-D8D702B11906}.Debug|Any CPU.Build.0 = Debug|Any CPU
		{9984774B-94FB-4B7E-8CD6-D8D702B11906}.Release|Any CPU.ActiveCfg = Release|Any CPU
		{9984774B-94FB-4B7E-8CD6-D8D702B11906}.Release|Any CPU.Build.0 = Release|Any CPU
	EndGlobalSection
	GlobalSection(SolutionProperties) = preSolution
		HideSolutionNode = FALSE
	EndGlobalSection
EndGlobal
